PODS:
  - Alamofire (5.6.1)
  - Starscream (4.0.4)
  - Toast-Swift (5.0.1)

DEPENDENCIES:
  - Alamofire
  - Starscream (~> 4.0.0)
  - Toast-Swift (~> 5.0.1)

SPEC REPOS:
  trunk:
    - Alamofire
    - Starscream
    - Toast-Swift

SPEC CHECKSUMS:
  Alamofire: 87bd8c952f9a4454320fce00d9cc3de57bcadaf5
  Starscream: 5178aed56b316f13fa3bc55694e583d35dd414d9
  Toast-Swift: 9b6a70f28b3bf0b96c40d46c0c4b9d6639846711

PODFILE CHECKSUM: 339e8d54339a3eba8539c5bc0d2860a88ded8e82

COCOAPODS: 1.11.3
