PODS:
  - Alamofire (5.6.1)
  - Toast-Swift (5.0.1)

DEPENDENCIES:
  - Alamofire
  - Toast-Swift (~> 5.0.1)

SPEC REPOS:
  trunk:
    - Alamofire
    - Toast-Swift

SPEC CHECKSUMS:
  Alamofire: 87bd8c952f9a4454320fce00d9cc3de57bcadaf5
  Toast-Swift: 9b6a70f28b3bf0b96c40d46c0c4b9d6639846711

PODFILE CHECKSUM: 6fdf005b777330735840993bb293493416b5d861

COCOAPODS: 1.11.3
